
Microsoft Visual Studio Solution File, Format Version 12.00
# Visual Studio 15
VisualStudioVersion = 15.0.28307.136
MinimumVisualStudioVersion = 10.0.40219.1
Project("{FAE04EC0-301F-11D3-BF4B-00C04F79EFBC}") = "ProS.Wpf", "ProS\ProS.Wpf.csproj", "{496C9E55-2ED9-47DE-A713-00F821E75450}"
EndProject
Project("{FAE04EC0-301F-11D3-BF4B-00C04F79EFBC}") = "ProS.Model", "ProS.Model\ProS.Model.csproj", "{ECEB46C5-22E0-4246-BC90-FDE98146F298}"
EndProject
Global
	GlobalSection(SolutionConfigurationPlatforms) = preSolution
		Debug|Any CPU = Debug|Any CPU
		Release|Any CPU = Release|Any CPU
	EndGlobalSection
	GlobalSection(ProjectConfigurationPlatforms) = postSolution
		{496C9E55-2ED9-47DE-A713-00F821E75450}.Debug|Any CPU.ActiveCfg = Debug|Any CPU
		{496C9E55-2ED9-47DE-A713-00F821E75450}.Debug|Any CPU.Build.0 = Debug|Any CPU
		{496C9E55-2ED9-47DE-A713-00F821E75450}.Release|Any CPU.ActiveCfg = Release|Any CPU
		{496C9E55-2ED9-47DE-A713-00F821E75450}.Release|Any CPU.Build.0 = Release|Any CPU
		{ECEB46C5-22E0-4246-BC90-FDE98146F298}.Debug|Any CPU.ActiveCfg = Debug|Any CPU
		{ECEB46C5-22E0-4246-BC90-FDE98146F298}.Debug|Any CPU.Build.0 = Debug|Any CPU
		{ECEB46C5-22E0-4246-BC90-FDE98146F298}.Release|Any CPU.ActiveCfg = Release|Any CPU
		{ECEB46C5-22E0-4246-BC90-FDE98146F298}.Release|Any CPU.Build.0 = Release|Any CPU
	EndGlobalSection
	GlobalSection(SolutionProperties) = preSolution
		HideSolutionNode = FALSE
	EndGlobalSection
	GlobalSection(ExtensibilityGlobals) = postSolution
		SolutionGuid = {E0F96708-D066-43AD-A212-FBE0EA6B72B9}
	EndGlobalSection
EndGlobal
